
Microsoft Visual Studio Solution File, Format Version 12.00
# Visual Studio Version 17
VisualStudioVersion = 17.4.33205.214
MinimumVisualStudioVersion = 10.0.40219.1
Project("{FAE04EC0-301F-11D3-BF4B-00C04F79EFBC}") = "CarDetails.PL", "CarDetails\CarDetails.PL.csproj", "{72F0A3C9-15EA-4F15-BB46-9972E0FEC3C2}"
EndProject
Project("{FAE04EC0-301F-11D3-BF4B-00C04F79EFBC}") = "CarDetails.DL", "CarDetails.DL\CarDetails.DL.csproj", "{48C10B4C-067C-4218-9E5B-26F261940811}"
EndProject
Project("{FAE04EC0-301F-11D3-BF4B-00C04F79EFBC}") = "CarDetails.BL", "CarDetails.BL\CarDetails.BL.csproj", "{A80F1CF6-4BD5-4041-9D57-7D61B96CE38A}"
EndProject
Global
	GlobalSection(SolutionConfigurationPlatforms) = preSolution
		Debug|Any CPU = Debug|Any CPU
		Release|Any CPU = Release|Any CPU
	EndGlobalSection
	GlobalSection(ProjectConfigurationPlatforms) = postSolution
		{72F0A3C9-15EA-4F15-BB46-9972E0FEC3C2}.Debug|Any CPU.ActiveCfg = Debug|Any CPU
		{72F0A3C9-15EA-4F15-BB46-9972E0FEC3C2}.Debug|Any CPU.Build.0 = Debug|Any CPU
		{72F0A3C9-15EA-4F15-BB46-9972E0FEC3C2}.Release|Any CPU.ActiveCfg = Release|Any CPU
		{72F0A3C9-15EA-4F15-BB46-9972E0FEC3C2}.Release|Any CPU.Build.0 = Release|Any CPU
		{48C10B4C-067C-4218-9E5B-26F261940811}.Debug|Any CPU.ActiveCfg = Debug|Any CPU
		{48C10B4C-067C-4218-9E5B-26F261940811}.Debug|Any CPU.Build.0 = Debug|Any CPU
		{48C10B4C-067C-4218-9E5B-26F261940811}.Release|Any CPU.ActiveCfg = Release|Any CPU
		{48C10B4C-067C-4218-9E5B-26F261940811}.Release|Any CPU.Build.0 = Release|Any CPU
		{A80F1CF6-4BD5-4041-9D57-7D61B96CE38A}.Debug|Any CPU.ActiveCfg = Debug|Any CPU
		{A80F1CF6-4BD5-4041-9D57-7D61B96CE38A}.Debug|Any CPU.Build.0 = Debug|Any CPU
		{A80F1CF6-4BD5-4041-9D57-7D61B96CE38A}.Release|Any CPU.ActiveCfg = Release|Any CPU
		{A80F1CF6-4BD5-4041-9D57-7D61B96CE38A}.Release|Any CPU.Build.0 = Release|Any CPU
	EndGlobalSection
	GlobalSection(SolutionProperties) = preSolution
		HideSolutionNode = FALSE
	EndGlobalSection
	GlobalSection(ExtensibilityGlobals) = postSolution
		SolutionGuid = {7FF264E1-B6F9-4E9D-AAB1-B3D633373935}
	EndGlobalSection
EndGlobal
